[project]
work_dir = "./build"
log_file = "./build/log/xviv.log"
board_repo = []
ip_repo = ["./build/ip"]

[[fpga]]
name = "basys3"
fpga_part = "xc7a35tcpg236-1"

[[ip]]
vendor = "laperex"
library = "basys3_demo"
version = "1.0"
vlnv = "laperex:basys3_demo:axi_led_ctrl:1.0"
repo = "/home/laperex/Programming/xviv_examples/design_axi_led/build/ip"
name = "axi_led_ctrl"
top = "axi_led_ctrl"
fpga = "basys3"

[[ip.sources]]
file = "./srcs/rtl/axi_lite_if.sv"
hash = "94eee9b4d576255261a775cf129dc5625ac6c9156cd9d42c8a184a0071d2b177720c3ea69fa7a304cee62daf9471ca201a9542c8e2f1312cc3d3fbb688cb7289"
used_in = ["impl", "ooc", "sim", "synth"]

[[ip.sources]]
file = "./srcs/rtl/led_ctrl_regs.sv"
hash = "c3172947d4968ec1a8eb7e0efd5a97838801e436b3ae852e807695315beedfcfeb475e0c9ccc9a78c377032e3d6ac147b87279d3d5c485ad81cdb71fd0bb7adb"
used_in = ["impl", "ooc", "sim", "synth"]

[[ip.sources]]
file = "./srcs/rtl/axi_led_ctrl.sv"
hash = "900d440c7995c9ce35e541e92a685e95a3fe73d8615d0b5d4da74e1022e5c073001db4af2e4e972c437f282816bef28f649a08ae97d0e1fbcc0b0d2c51dbeb3d"
used_in = ["impl", "ooc", "sim", "synth"]

[[ip]]
vendor = "laperex"
library = "basys3_demo"
version = "1.0"
vlnv = "laperex:basys3_demo:axi_led_ctrl_0:1.0"
repo = "/home/laperex/Programming/xviv_examples/design_axi_led/build/ip"
name = "axi_led_ctrl_0"
top = "axi_led_ctrl"
fpga = "basys3"

[[ip.sources]]
file = "./srcs/rtl/axi_lite_if.sv"
hash = "94eee9b4d576255261a775cf129dc5625ac6c9156cd9d42c8a184a0071d2b177720c3ea69fa7a304cee62daf9471ca201a9542c8e2f1312cc3d3fbb688cb7289"
used_in = ["impl", "ooc", "sim", "synth"]

[[ip.sources]]
file = "./srcs/rtl/led_ctrl_regs.sv"
hash = "c3172947d4968ec1a8eb7e0efd5a97838801e436b3ae852e807695315beedfcfeb475e0c9ccc9a78c377032e3d6ac147b87279d3d5c485ad81cdb71fd0bb7adb"
used_in = ["impl", "ooc", "sim", "synth"]

[[ip.sources]]
file = "./srcs/rtl/axi_led_ctrl.sv"
hash = "900d440c7995c9ce35e541e92a685e95a3fe73d8615d0b5d4da74e1022e5c073001db4af2e4e972c437f282816bef28f649a08ae97d0e1fbcc0b0d2c51dbeb3d"
used_in = ["impl", "ooc", "sim", "synth"]

[[wrapper]]
wrapper_top = "axi_led_ctrl_wrapper"
ip = "axi_led_ctrl"
top = "axi_led_ctrl"
wrapper_file = "./build/wrapper/axi_led_ctrl_wrapper.sv"

[[wrapper.sources]]
file = "./srcs/rtl/axi_lite_if.sv"
hash = "94eee9b4d576255261a775cf129dc5625ac6c9156cd9d42c8a184a0071d2b177720c3ea69fa7a304cee62daf9471ca201a9542c8e2f1312cc3d3fbb688cb7289"
used_in = ["impl", "ooc", "sim", "synth"]

[[wrapper.sources]]
file = "./srcs/rtl/led_ctrl_regs.sv"
hash = "c3172947d4968ec1a8eb7e0efd5a97838801e436b3ae852e807695315beedfcfeb475e0c9ccc9a78c377032e3d6ac147b87279d3d5c485ad81cdb71fd0bb7adb"
used_in = ["impl", "ooc", "sim", "synth"]

[[wrapper.sources]]
file = "./srcs/rtl/axi_led_ctrl.sv"
hash = "900d440c7995c9ce35e541e92a685e95a3fe73d8615d0b5d4da74e1022e5c073001db4af2e4e972c437f282816bef28f649a08ae97d0e1fbcc0b0d2c51dbeb3d"
used_in = ["impl", "ooc", "sim", "synth"]

[[wrapper]]
wrapper_top = "axi_led_ctrl_wrapper"
ip = "axi_led_ctrl_0"
top = "axi_led_ctrl"
wrapper_file = "./build/wrapper/axi_led_ctrl_wrapper.sv"

[[wrapper.sources]]
file = "./srcs/rtl/axi_lite_if.sv"
hash = "94eee9b4d576255261a775cf129dc5625ac6c9156cd9d42c8a184a0071d2b177720c3ea69fa7a304cee62daf9471ca201a9542c8e2f1312cc3d3fbb688cb7289"
used_in = ["impl", "ooc", "sim", "synth"]

[[wrapper.sources]]
file = "./srcs/rtl/led_ctrl_regs.sv"
hash = "c3172947d4968ec1a8eb7e0efd5a97838801e436b3ae852e807695315beedfcfeb475e0c9ccc9a78c377032e3d6ac147b87279d3d5c485ad81cdb71fd0bb7adb"
used_in = ["impl", "ooc", "sim", "synth"]

[[wrapper.sources]]
file = "./srcs/rtl/axi_led_ctrl.sv"
hash = "900d440c7995c9ce35e541e92a685e95a3fe73d8615d0b5d4da74e1022e5c073001db4af2e4e972c437f282816bef28f649a08ae97d0e1fbcc0b0d2c51dbeb3d"
used_in = ["impl", "ooc", "sim", "synth"]

[[core]]
name = "clk_wiz_0"
vlnv = "clk_wiz:6.0"
fpga = "basys3"
xci_file = "./build/core/clk_wiz_0/clk_wiz_0.xci"

[[core]]
name = "axi_led_ctrl_0"
vlnv = "axi_led_ctrl:1.0"
fpga = "basys3"
xci_file = "./build/core/axi_led_ctrl_0/axi_led_ctrl_0.xci"

[[subcore]]
design = "top"
core = "clk_wiz_0"
inst_hier_path = "u_clk_wiz_0"

[[subcore]]
design = "top"
core = "axi_led_ctrl_0"
inst_hier_path = "u_axi_led_ctrl_0"

[[synth]]
core = "clk_wiz_0"
top = "clk_wiz_0"
fpga = "basys3"
synth_incremental = true
run_synth = true
run_opt = false
impl_incremental = true
run_place = false
run_phys_opt = true
run_route = false
synth_directive = "default"
synth_mode = "out_of_context"
synth_flatten_hierarchy = "rebuilt"
synth_fsm_extraction = "auto"
opt_directive = "default"
place_directive = "default"
phys_opt_directive = "default"
route_directive = "default"
constraints = []
lock_file = "./build/synth/clk_wiz_0/synth.toml"
usr_access_value = "0x151f4083"
synth_dcp = "./build/synth/clk_wiz_0/checkpoints/synth.dcp"
place_dcp = "./build/synth/clk_wiz_0/checkpoints/place.dcp"
route_dcp = "./build/synth/clk_wiz_0/checkpoints/route.dcp"
synth_stub = "./build/synth/clk_wiz_0/clk_wiz_0_stub.v"

[[synth]]
core = "axi_led_ctrl_0"
top = "axi_led_ctrl_0"
fpga = "basys3"
synth_incremental = true
run_synth = true
run_opt = false
impl_incremental = true
run_place = false
run_phys_opt = true
run_route = false
synth_directive = "default"
synth_mode = "out_of_context"
synth_flatten_hierarchy = "rebuilt"
synth_fsm_extraction = "auto"
opt_directive = "default"
place_directive = "default"
phys_opt_directive = "default"
route_directive = "default"
constraints = []
lock_file = "./build/synth/axi_led_ctrl_0/synth.toml"
usr_access_value = "0x151f4083"
synth_dcp = "./build/synth/axi_led_ctrl_0/checkpoints/synth.dcp"
place_dcp = "./build/synth/axi_led_ctrl_0/checkpoints/place.dcp"
route_dcp = "./build/synth/axi_led_ctrl_0/checkpoints/route.dcp"
synth_stub = "./build/synth/axi_led_ctrl_0/axi_led_ctrl_0_stub.v"

[[synth]]
design = "top"
top = "top"
fpga = "basys3"
synth_incremental = true
run_synth = true
run_opt = true
impl_incremental = true
run_place = true
run_phys_opt = true
run_route = true
synth_directive = "default"
synth_mode = "default"
synth_flatten_hierarchy = "rebuilt"
synth_fsm_extraction = "auto"
opt_directive = "default"
place_directive = "default"
phys_opt_directive = "default"
route_directive = "default"
lock_file = "./build/synth/top/synth.toml"
usr_access_value = "0x151f4083"
synth_dcp = "./build/synth/top/checkpoints/synth.dcp"
place_dcp = "./build/synth/top/checkpoints/place.dcp"
route_dcp = "./build/synth/top/checkpoints/route.dcp"
bitstream = "./build/synth/top/top.bit"
route_report_drc = "./build/synth/top/reports/route_report_drc_file.rpt"
route_report_timing_summary = "./build/synth/top/reports/route_report_timing_summary_file.rpt"

[[synth.constraints]]
file = "./constraints/basys3.xdc"
hash = "9e8db99b6cf21828b3bc1e20a524ad9159325cd80e2e11981804fef369027e630c7f05a0ebb989527cdcf37489954c7e5bcee2d683257ca85c9918c69efc6ff7"
used_in = ["impl", "synth"]

[[design]]
name = "top"
top = "top"
fpga = "basys3"

[[design.sources]]
file = "./srcs/rtl/axi_master.sv"
hash = "97ea5857b2d3ed35ff509fb3f781d47320a23acfadefdf0f8553eef0fc7088fe6cc57e606b31298f9d49cc6bd4701cf64788b367039e679f3f0254ef104aefe5"
used_in = ["impl", "ooc", "sim", "synth"]

[[design.sources]]
file = "./srcs/rtl/top.sv"
hash = "2ed43d40dadcce9a855827ee4edc2f6792932fdfe3648d94ce7f46e97c4db44a91ffcf36f5b18ec2ab4adef37413add9ae3ac545b0bf6deeb09315d041ac88c3"
used_in = ["impl", "ooc", "sim", "synth"]

[[simulation]]
name = "tb_axi_led_ctrl"
top = "tb_axi_led_ctrl"
backend = "xsim"
timescale = "1ns/1ps"
uvm_version = "1.2"
uvm_verbosity = "UVM_MEDIUM"
plusargs = []
defines = []
threads = 1
trace = false
trace_fst = false
verilator_args = []
sdfmax = []
sdfmin = []
include_dirs = []
work_dir = "./build/sim/tb_axi_led_ctrl"

[[simulation.sources]]
file = "./srcs/rtl/axi_lite_if.sv"
hash = "94eee9b4d576255261a775cf129dc5625ac6c9156cd9d42c8a184a0071d2b177720c3ea69fa7a304cee62daf9471ca201a9542c8e2f1312cc3d3fbb688cb7289"
used_in = ["impl", "ooc", "sim", "synth"]

[[simulation.sources]]
file = "./srcs/rtl/led_ctrl_regs.sv"
hash = "c3172947d4968ec1a8eb7e0efd5a97838801e436b3ae852e807695315beedfcfeb475e0c9ccc9a78c377032e3d6ac147b87279d3d5c485ad81cdb71fd0bb7adb"
used_in = ["impl", "ooc", "sim", "synth"]

[[simulation.sources]]
file = "./srcs/rtl/axi_led_ctrl.sv"
hash = "900d440c7995c9ce35e541e92a685e95a3fe73d8615d0b5d4da74e1022e5c073001db4af2e4e972c437f282816bef28f649a08ae97d0e1fbcc0b0d2c51dbeb3d"
used_in = ["impl", "ooc", "sim", "synth"]

[[simulation.sources]]
file = "./srcs/sim/tb_axi_led_ctrl.sv"
hash = "dace2995c84629dd5c8011278c7ce339d745ac546927e73777f79b7506951f74353e1fe7d878cba4ba5c0093605eeaf22fb03796cab1b2c1885ce02549b15dca"
used_in = ["impl", "ooc", "sim", "synth"]
